// !$*UTF8*$!
{
	archiveVersion = 1;
	classes = {
	};
	objectVersion = 46;
	objects = {

/* Begin PBXBuildFile section */
		4375481619F456F900A9E71D /* Recipe.swift in Sources */ = {isa = PBXBuildFile; fileRef = 4375481519F456F900A9E71D /* Recipe.swift */; };
		4375481819F457A600A9E71D /* Ingredient.swift in Sources */ = {isa = PBXBuildFile; fileRef = 4375481719F457A600A9E71D /* Ingredient.swift */; };
		4375481D19F45A8E00A9E71D /* Step.swift in Sources */ = {isa = PBXBuildFile; fileRef = 4375481C19F45A8E00A9E71D /* Step.swift */; };
		439A938C19F420F60081CAF0 /* AppDelegate.swift in Sources */ = {isa = PBXBuildFile; fileRef = 439A938B19F420F60081CAF0 /* AppDelegate.swift */; };
		439A938E19F420F60081CAF0 /* RootViewController.swift in Sources */ = {isa = PBXBuildFile; fileRef = 439A938D19F420F60081CAF0 /* RootViewController.swift */; };
		439A939019F420F60081CAF0 /* DataViewController.swift in Sources */ = {isa = PBXBuildFile; fileRef = 439A938F19F420F60081CAF0 /* DataViewController.swift */; };
		439A939219F420F60081CAF0 /* ModelController.swift in Sources */ = {isa = PBXBuildFile; fileRef = 439A939119F420F60081CAF0 /* ModelController.swift */; };
		439A939519F420F60081CAF0 /* Main.storyboard in Resources */ = {isa = PBXBuildFile; fileRef = 439A939319F420F60081CAF0 /* Main.storyboard */; };
		439A939719F420F60081CAF0 /* Images.xcassets in Resources */ = {isa = PBXBuildFile; fileRef = 439A939619F420F60081CAF0 /* Images.xcassets */; };
		439A939A19F420F60081CAF0 /* LaunchScreen.xib in Resources */ = {isa = PBXBuildFile; fileRef = 439A939819F420F60081CAF0 /* LaunchScreen.xib */; };
		439A93A619F420F60081CAF0 /* Chefhelp_prototype1Tests.swift in Sources */ = {isa = PBXBuildFile; fileRef = 439A93A519F420F60081CAF0 /* Chefhelp_prototype1Tests.swift */; };
/* End PBXBuildFile section */

/* Begin PBXContainerItemProxy section */
		439A93A019F420F60081CAF0 /* PBXContainerItemProxy */ = {
			isa = PBXContainerItemProxy;
			containerPortal = 439A937E19F420F60081CAF0 /* Project object */;
			proxyType = 1;
			remoteGlobalIDString = 439A938519F420F60081CAF0;
			remoteInfo = Chefhelp_prototype1;
		};
/* End PBXContainerItemProxy section */

/* Begin PBXFileReference section */
		4375481519F456F900A9E71D /* Recipe.swift */ = {isa = PBXFileReference; fileEncoding = 4; lastKnownFileType = sourcecode.swift; path = Recipe.swift; sourceTree = "<group>"; };
		4375481719F457A600A9E71D /* Ingredient.swift */ = {isa = PBXFileReference; fileEncoding = 4; lastKnownFileType = sourcecode.swift; path = Ingredient.swift; sourceTree = "<group>"; };
		4375481C19F45A8E00A9E71D /* Step.swift */ = {isa = PBXFileReference; fileEncoding = 4; lastKnownFileType = sourcecode.swift; path = Step.swift; sourceTree = "<group>"; };
		439A938619F420F60081CAF0 /* Chefhelp_prototype1.app */ = {isa = PBXFileReference; explicitFileType = wrapper.application; includeInIndex = 0; path = Chefhelp_prototype1.app; sourceTree = BUILT_PRODUCTS_DIR; };
		439A938A19F420F60081CAF0 /* Info.plist */ = {isa = PBXFileReference; lastKnownFileType = text.plist.xml; path = Info.plist; sourceTree = "<group>"; };
		439A938B19F420F60081CAF0 /* AppDelegate.swift */ = {isa = PBXFileReference; lastKnownFileType = sourcecode.swift; path = AppDelegate.swift; sourceTree = "<group>"; };
		439A938D19F420F60081CAF0 /* RootViewController.swift */ = {isa = PBXFileReference; lastKnownFileType = sourcecode.swift; path = RootViewController.swift; sourceTree = "<group>"; };
		439A938F19F420F60081CAF0 /* DataViewController.swift */ = {isa = PBXFileReference; lastKnownFileType = sourcecode.swift; path = DataViewController.swift; sourceTree = "<group>"; };
		439A939119F420F60081CAF0 /* ModelController.swift */ = {isa = PBXFileReference; lastKnownFileType = sourcecode.swift; path = ModelController.swift; sourceTree = "<group>"; };
		439A939419F420F60081CAF0 /* Base */ = {isa = PBXFileReference; lastKnownFileType = file.storyboard; name = Base; path = Base.lproj/Main.storyboard; sourceTree = "<group>"; };
		439A939619F420F60081CAF0 /* Images.xcassets */ = {isa = PBXFileReference; lastKnownFileType = folder.assetcatalog; path = Images.xcassets; sourceTree = "<group>"; };
		439A939919F420F60081CAF0 /* Base */ = {isa = PBXFileReference; lastKnownFileType = file.xib; name = Base; path = Base.lproj/LaunchScreen.xib; sourceTree = "<group>"; };
		439A939F19F420F60081CAF0 /* Chefhelp_prototype1Tests.xctest */ = {isa = PBXFileReference; explicitFileType = wrapper.cfbundle; includeInIndex = 0; path = Chefhelp_prototype1Tests.xctest; sourceTree = BUILT_PRODUCTS_DIR; };
		439A93A419F420F60081CAF0 /* Info.plist */ = {isa = PBXFileReference; lastKnownFileType = text.plist.xml; path = Info.plist; sourceTree = "<group>"; };
		439A93A519F420F60081CAF0 /* Chefhelp_prototype1Tests.swift */ = {isa = PBXFileReference; lastKnownFileType = sourcecode.swift; path = Chefhelp_prototype1Tests.swift; sourceTree = "<group>"; };
/* End PBXFileReference section */

/* Begin PBXFrameworksBuildPhase section */
		439A938319F420F60081CAF0 /* Frameworks */ = {
			isa = PBXFrameworksBuildPhase;
			buildActionMask = 2147483647;
			files = (
			);
			runOnlyForDeploymentPostprocessing = 0;
		};
		439A939C19F420F60081CAF0 /* Frameworks */ = {
			isa = PBXFrameworksBuildPhase;
			buildActionMask = 2147483647;
			files = (
			);
			runOnlyForDeploymentPostprocessing = 0;
		};
/* End PBXFrameworksBuildPhase section */

/* Begin PBXGroup section */
		439A937D19F420F60081CAF0 = {
			isa = PBXGroup;
			children = (
				439A938819F420F60081CAF0 /* Chefhelp_prototype1 */,
				439A93A219F420F60081CAF0 /* Chefhelp_prototype1Tests */,
				439A938719F420F60081CAF0 /* Products */,
			);
			sourceTree = "<group>";
		};
		439A938719F420F60081CAF0 /* Products */ = {
			isa = PBXGroup;
			children = (
				439A938619F420F60081CAF0 /* Chefhelp_prototype1.app */,
				439A939F19F420F60081CAF0 /* Chefhelp_prototype1Tests.xctest */,
			);
			name = Products;
			sourceTree = "<group>";
		};
		439A938819F420F60081CAF0 /* Chefhelp_prototype1 */ = {
			isa = PBXGroup;
			children = (
				439A938B19F420F60081CAF0 /* AppDelegate.swift */,
				439A938D19F420F60081CAF0 /* RootViewController.swift */,
				439A938F19F420F60081CAF0 /* DataViewController.swift */,
				439A939119F420F60081CAF0 /* ModelController.swift */,
				4375481719F457A600A9E71D /* Ingredient.swift */,
				4375481519F456F900A9E71D /* Recipe.swift */,
				4375481C19F45A8E00A9E71D /* Step.swift */,
				439A939319F420F60081CAF0 /* Main.storyboard */,
				439A939619F420F60081CAF0 /* Images.xcassets */,
				439A939819F420F60081CAF0 /* LaunchScreen.xib */,
				439A938919F420F60081CAF0 /* Supporting Files */,
			);
			path = Chefhelp_prototype1;
			sourceTree = "<group>";
		};
		439A938919F420F60081CAF0 /* Supporting Files */ = {
			isa = PBXGroup;
			children = (
				439A938A19F420F60081CAF0 /* Info.plist */,
			);
			name = "Supporting Files";
			sourceTree = "<group>";
		};
		439A93A219F420F60081CAF0 /* Chefhelp_prototype1Tests */ = {
			isa = PBXGroup;
			children = (
				439A93A519F420F60081CAF0 /* Chefhelp_prototype1Tests.swift */,
				439A93A319F420F60081CAF0 /* Supporting Files */,
			);
			path = Chefhelp_prototype1Tests;
			sourceTree = "<group>";
		};
		439A93A319F420F60081CAF0 /* Supporting Files */ = {
			isa = PBXGroup;
			children = (
				439A93A419F420F60081CAF0 /* Info.plist */,
			);
			name = "Supporting Files";
			sourceTree = "<group>";
		};
/* End PBXGroup section */

/* Begin PBXNativeTarget section */
		439A938519F420F60081CAF0 /* Chefhelp_prototype1 */ = {
			isa = PBXNativeTarget;
			buildConfigurationList = 439A93A919F420F60081CAF0 /* Build configuration list for PBXNativeTarget "Chefhelp_prototype1" */;
			buildPhases = (
				439A938219F420F60081CAF0 /* Sources */,
				439A938319F420F60081CAF0 /* Frameworks */,
				439A938419F420F60081CAF0 /* Resources */,
			);
			buildRules = (
			);
			dependencies = (
			);
			name = Chefhelp_prototype1;
			productName = Chefhelp_prototype1;
			productReference = 439A938619F420F60081CAF0 /* Chefhelp_prototype1.app */;
			productType = "com.apple.product-type.application";
		};
		439A939E19F420F60081CAF0 /* Chefhelp_prototype1Tests */ = {
			isa = PBXNativeTarget;
			buildConfigurationList = 439A93AC19F420F60081CAF0 /* Build configuration list for PBXNativeTarget "Chefhelp_prototype1Tests" */;
			buildPhases = (
				439A939B19F420F60081CAF0 /* Sources */,
				439A939C19F420F60081CAF0 /* Frameworks */,
				439A939D19F420F60081CAF0 /* Resources */,
			);
			buildRules = (
			);
			dependencies = (
				439A93A119F420F60081CAF0 /* PBXTargetDependency */,
			);
			name = Chefhelp_prototype1Tests;
			productName = Chefhelp_prototype1Tests;
			productReference = 439A939F19F420F60081CAF0 /* Chefhelp_prototype1Tests.xctest */;
			productType = "com.apple.product-type.bundle.unit-test";
		};
/* End PBXNativeTarget section */

/* Begin PBXProject section */
		439A937E19F420F60081CAF0 /* Project object */ = {
			isa = PBXProject;
			attributes = {
				LastUpgradeCheck = 0600;
				ORGANIZATIONNAME = personal;
				TargetAttributes = {
					439A938519F420F60081CAF0 = {
						CreatedOnToolsVersion = 6.0.1;
					};
					439A939E19F420F60081CAF0 = {
						CreatedOnToolsVersion = 6.0.1;
						TestTargetID = 439A938519F420F60081CAF0;
					};
				};
			};
			buildConfigurationList = 439A938119F420F60081CAF0 /* Build configuration list for PBXProject "Chefhelp_prototype1" */;
			compatibilityVersion = "Xcode 3.2";
			developmentRegion = English;
			hasScannedForEncodings = 0;
			knownRegions = (
				en,
				Base,
			);
			mainGroup = 439A937D19F420F60081CAF0;
			productRefGroup = 439A938719F420F60081CAF0 /* Products */;
			projectDirPath = "";
			projectRoot = "";
			targets = (
				439A938519F420F60081CAF0 /* Chefhelp_prototype1 */,
				439A939E19F420F60081CAF0 /* Chefhelp_prototype1Tests */,
			);
		};
/* End PBXProject section */

/* Begin PBXResourcesBuildPhase section */
		439A938419F420F60081CAF0 /* Resources */ = {
			isa = PBXResourcesBuildPhase;
			buildActionMask = 2147483647;
			files = (
				439A939519F420F60081CAF0 /* Main.storyboard in Resources */,
				439A939A19F420F60081CAF0 /* LaunchScreen.xib in Resources */,
				439A939719F420F60081CAF0 /* Images.xcassets in Resources */,
			);
			runOnlyForDeploymentPostprocessing = 0;
		};
		439A939D19F420F60081CAF0 /* Resources */ = {
			isa = PBXResourcesBuildPhase;
			buildActionMask = 2147483647;
			files = (
			);
			runOnlyForDeploymentPostprocessing = 0;
		};
/* End PBXResourcesBuildPhase section */

/* Begin PBXSourcesBuildPhase section */
		439A938219F420F60081CAF0 /* Sources */ = {
			isa = PBXSourcesBuildPhase;
			buildActionMask = 2147483647;
			files = (
				439A938E19F420F60081CAF0 /* RootViewController.swift in Sources */,
				439A939219F420F60081CAF0 /* ModelController.swift in Sources */,
				4375481819F457A600A9E71D /* Ingredient.swift in Sources */,
				4375481D19F45A8E00A9E71D /* Step.swift in Sources */,
				439A939019F420F60081CAF0 /* DataViewController.swift in Sources */,
				439A938C19F420F60081CAF0 /* AppDelegate.swift in Sources */,
				4375481619F456F900A9E71D /* Recipe.swift in Sources */,
			);
			runOnlyForDeploymentPostprocessing = 0;
		};
		439A939B19F420F60081CAF0 /* Sources */ = {
			isa = PBXSourcesBuildPhase;
			buildActionMask = 2147483647;
			files = (
				439A93A619F420F60081CAF0 /* Chefhelp_prototype1Tests.swift in Sources */,
			);
			runOnlyForDeploymentPostprocessing = 0;
		};
/* End PBXSourcesBuildPhase section */

/* Begin PBXTargetDependency section */
		439A93A119F420F60081CAF0 /* PBXTargetDependency */ = {
			isa = PBXTargetDependency;
			target = 439A938519F420F60081CAF0 /* Chefhelp_prototype1 */;
			targetProxy = 439A93A019F420F60081CAF0 /* PBXContainerItemProxy */;
		};
/* End PBXTargetDependency section */

/* Begin PBXVariantGroup section */
		439A939319F420F60081CAF0 /* Main.storyboard */ = {
			isa = PBXVariantGroup;
			children = (
				439A939419F420F60081CAF0 /* Base */,
			);
			name = Main.storyboard;
			sourceTree = "<group>";
		};
		439A939819F420F60081CAF0 /* LaunchScreen.xib */ = {
			isa = PBXVariantGroup;
			children = (
				439A939919F420F60081CAF0 /* Base */,
			);
			name = LaunchScreen.xib;
			sourceTree = "<group>";
		};
/* End PBXVariantGroup section */

/* Begin XCBuildConfiguration section */
		439A93A719F420F60081CAF0 /* Debug */ = {
			isa = XCBuildConfiguration;
			buildSettings = {
				ALWAYS_SEARCH_USER_PATHS = NO;
				CLANG_CXX_LANGUAGE_STANDARD = "gnu++0x";
				CLANG_CXX_LIBRARY = "libc++";
				CLANG_ENABLE_MODULES = YES;
				CLANG_ENABLE_OBJC_ARC = YES;
				CLANG_WARN_BOOL_CONVERSION = YES;
				CLANG_WARN_CONSTANT_CONVERSION = YES;
				CLANG_WARN_DIRECT_OBJC_ISA_USAGE = YES_ERROR;
				CLANG_WARN_EMPTY_BODY = YES;
				CLANG_WARN_ENUM_CONVERSION = YES;
				CLANG_WARN_INT_CONVERSION = YES;
				CLANG_WARN_OBJC_ROOT_CLASS = YES_ERROR;
				CLANG_WARN_UNREACHABLE_CODE = YES;
				CLANG_WARN__DUPLICATE_METHOD_MATCH = YES;
				"CODE_SIGN_IDENTITY[sdk=iphoneos*]" = "iPhone Developer";
				COPY_PHASE_STRIP = NO;
				ENABLE_STRICT_OBJC_MSGSEND = YES;
				GCC_C_LANGUAGE_STANDARD = gnu99;
				GCC_DYNAMIC_NO_PIC = NO;
				GCC_OPTIMIZATION_LEVEL = 0;
				GCC_PREPROCESSOR_DEFINITIONS = (
					"DEBUG=1",
					"$(inherited)",
				);
				GCC_SYMBOLS_PRIVATE_EXTERN = NO;
				GCC_WARN_64_TO_32_BIT_CONVERSION = YES;
				GCC_WARN_ABOUT_RETURN_TYPE = YES_ERROR;
				GCC_WARN_UNDECLARED_SELECTOR = YES;
				GCC_WARN_UNINITIALIZED_AUTOS = YES_AGGRESSIVE;
				GCC_WARN_UNUSED_FUNCTION = YES;
				GCC_WARN_UNUSED_VARIABLE = YES;
				IPHONEOS_DEPLOYMENT_TARGET = 8.0;
				MTL_ENABLE_DEBUG_INFO = YES;
				ONLY_ACTIVE_ARCH = YES;
				SDKROOT = iphoneos;
				SWIFT_OPTIMIZATION_LEVEL = "-Onone";
				TARGETED_DEVICE_FAMILY = 2;
			};
			name = Debug;
		};
		439A93A819F420F60081CAF0 /* Release */ = {
			isa = XCBuildConfiguration;
			buildSettings = {
				ALWAYS_SEARCH_USER_PATHS = NO;
				CLANG_CXX_LANGUAGE_STANDARD = "gnu++0x";
				CLANG_CXX_LIBRARY = "libc++";
				CLANG_ENABLE_MODULES = YES;
				CLANG_ENABLE_OBJC_ARC = YES;
				CLANG_WARN_BOOL_CONVERSION = YES;
				CLANG_WARN_CONSTANT_CONVERSION = YES;
				CLANG_WARN_DIRECT_OBJC_ISA_USAGE = YES_ERROR;
				CLANG_WARN_EMPTY_BODY = YES;
				CLANG_WARN_ENUM_CONVERSION = YES;
				CLANG_WARN_INT_CONVERSION = YES;
				CLANG_WARN_OBJC_ROOT_CLASS = YES_ERROR;
				CLANG_WARN_UNREACHABLE_CODE = YES;
				CLANG_WARN__DUPLICATE_METHOD_MATCH = YES;
				"CODE_SIGN_IDENTITY[sdk=iphoneos*]" = "iPhone Developer";
				COPY_PHASE_STRIP = YES;
				ENABLE_NS_ASSERTIONS = NO;
				ENABLE_STRICT_OBJC_MSGSEND = YES;
				GCC_C_LANGUAGE_STANDARD = gnu99;
				GCC_WARN_64_TO_32_BIT_CONVERSION = YES;
				GCC_WARN_ABOUT_RETURN_TYPE = YES_ERROR;
				GCC_WARN_UNDECLARED_SELECTOR = YES;
				GCC_WARN_UNINITIALIZED_AUTOS = YES_AGGRESSIVE;
				GCC_WARN_UNUSED_FUNCTION = YES;
				GCC_WARN_UNUSED_VARIABLE = YES;
				IPHONEOS_DEPLOYMENT_TARGET = 8.0;
				MTL_ENABLE_DEBUG_INFO = NO;
				SDKROOT = iphoneos;
				TARGETED_DEVICE_FAMILY = 2;
				VALIDATE_PRODUCT = YES;
			};
			name = Release;
		};
		439A93AA19F420F60081CAF0 /* Debug */ = {
			isa = XCBuildConfiguration;
			buildSettings = {
				ASSETCATALOG_COMPILER_APPICON_NAME = AppIcon;
				INFOPLIST_FILE = Chefhelp_prototype1/Info.plist;
				LD_RUNPATH_SEARCH_PATHS = "$(inherited) @executable_path/Frameworks";
				PRODUCT_NAME = "$(TARGET_NAME)";
			};
			name = Debug;
		};
		439A93AB19F420F60081CAF0 /* Release */ = {
			isa = XCBuildConfiguration;
			buildSettings = {
				ASSETCATALOG_COMPILER_APPICON_NAME = AppIcon;
				INFOPLIST_FILE = Chefhelp_prototype1/Info.plist;
				LD_RUNPATH_SEARCH_PATHS = "$(inherited) @executable_path/Frameworks";
				PRODUCT_NAME = "$(TARGET_NAME)";
			};
			name = Release;
		};
		439A93AD19F420F60081CAF0 /* Debug */ = {
			isa = XCBuildConfiguration;
			buildSettings = {
				BUNDLE_LOADER = "$(TEST_HOST)";
				FRAMEWORK_SEARCH_PATHS = (
					"$(SDKROOT)/Developer/Library/Frameworks",
					"$(inherited)",
				);
				GCC_PREPROCESSOR_DEFINITIONS = (
					"DEBUG=1",
					"$(inherited)",
				);
				INFOPLIST_FILE = Chefhelp_prototype1Tests/Info.plist;
				LD_RUNPATH_SEARCH_PATHS = "$(inherited) @executable_path/Frameworks @loader_path/Frameworks";
				PRODUCT_NAME = "$(TARGET_NAME)";
				TEST_HOST = "$(BUILT_PRODUCTS_DIR)/Chefhelp_prototype1.app/Chefhelp_prototype1";
			};
			name = Debug;
		};
		439A93AE19F420F60081CAF0 /* Release */ = {
			isa = XCBuildConfiguration;
			buildSettings = {
				BUNDLE_LOADER = "$(TEST_HOST)";
				FRAMEWORK_SEARCH_PATHS = (
					"$(SDKROOT)/Developer/Library/Frameworks",
					"$(inherited)",
				);
				INFOPLIST_FILE = Chefhelp_prototype1Tests/Info.plist;
				LD_RUNPATH_SEARCH_PATHS = "$(inherited) @executable_path/Frameworks @loader_path/Frameworks";
				PRODUCT_NAME = "$(TARGET_NAME)";
				TEST_HOST = "$(BUILT_PRODUCTS_DIR)/Chefhelp_prototype1.app/Chefhelp_prototype1";
			};
			name = Release;
		};
/* End XCBuildConfiguration section */

/* Begin XCConfigurationList section */
		439A938119F420F60081CAF0 /* Build configuration list for PBXProject "Chefhelp_prototype1" */ = {
			isa = XCConfigurationList;
			buildConfigurations = (
				439A93A719F420F60081CAF0 /* Debug */,
				439A93A819F420F60081CAF0 /* Release */,
			);
			defaultConfigurationIsVisible = 0;
			defaultConfigurationName = Release;
		};
		439A93A919F420F60081CAF0 /* Build configuration list for PBXNativeTarget "Chefhelp_prototype1" */ = {
			isa = XCConfigurationList;
			buildConfigurations = (
				439A93AA19F420F60081CAF0 /* Debug */,
				439A93AB19F420F60081CAF0 /* Release */,
			);
			defaultConfigurationIsVisible = 0;
			defaultConfigurationName = Release;
		};
		439A93AC19F420F60081CAF0 /* Build configuration list for PBXNativeTarget "Chefhelp_prototype1Tests" */ = {
			isa = XCConfigurationList;
			buildConfigurations = (
				439A93AD19F420F60081CAF0 /* Debug */,
				439A93AE19F420F60081CAF0 /* Release */,
			);
			defaultConfigurationIsVisible = 0;
			defaultConfigurationName = Release;
		};
/* End XCConfigurationList section */
	};
	rootObject = 439A937E19F420F60081CAF0 /* Project object */;
}
